// !$*UTF8*$!
{
	archiveVersion = 1;
	classes = {
	};
	objectVersion = 50;
	objects = {

/* Begin PBXBuildFile section */
		B705B8A125F7AE470030D13F /* DefaultsApp.swift in Sources */ = {isa = PBXBuildFile; fileRef = B705B8A025F7AE470030D13F /* DefaultsApp.swift */; };
		B705B8A325F7AE470030D13F /* ContentView.swift in Sources */ = {isa = PBXBuildFile; fileRef = B705B8A225F7AE470030D13F /* ContentView.swift */; };
		B705B8A525F7AE480030D13F /* Assets.xcassets in Resources */ = {isa = PBXBuildFile; fileRef = B705B8A425F7AE480030D13F /* Assets.xcassets */; };
		B705B8A825F7AE480030D13F /* Preview Assets.xcassets in Resources */ = {isa = PBXBuildFile; fileRef = B705B8A725F7AE480030D13F /* Preview Assets.xcassets */; };
		B705B8B225F7AE720030D13F /* Defaults.swift in Sources */ = {isa = PBXBuildFile; fileRef = B705B8B125F7AE720030D13F /* Defaults.swift */; };
		B705B8B825F7E3970030D13F /* Utils.swift in Sources */ = {isa = PBXBuildFile; fileRef = B705B8B725F7E3970030D13F /* Utils.swift */; };
/* End PBXBuildFile section */

/* Begin PBXFileReference section */
		B705B89D25F7AE470030D13F /* Defaults.app */ = {isa = PBXFileReference; explicitFileType = wrapper.application; includeInIndex = 0; path = Defaults.app; sourceTree = BUILT_PRODUCTS_DIR; };
		B705B8A025F7AE470030D13F /* DefaultsApp.swift */ = {isa = PBXFileReference; lastKnownFileType = sourcecode.swift; path = DefaultsApp.swift; sourceTree = "<group>"; };
		B705B8A225F7AE470030D13F /* ContentView.swift */ = {isa = PBXFileReference; lastKnownFileType = sourcecode.swift; path = ContentView.swift; sourceTree = "<group>"; };
		B705B8A425F7AE480030D13F /* Assets.xcassets */ = {isa = PBXFileReference; lastKnownFileType = folder.assetcatalog; path = Assets.xcassets; sourceTree = "<group>"; };
		B705B8A725F7AE480030D13F /* Preview Assets.xcassets */ = {isa = PBXFileReference; lastKnownFileType = folder.assetcatalog; path = "Preview Assets.xcassets"; sourceTree = "<group>"; };
		B705B8A925F7AE480030D13F /* Info.plist */ = {isa = PBXFileReference; lastKnownFileType = text.plist.xml; path = Info.plist; sourceTree = "<group>"; };
		B705B8AA25F7AE480030D13F /* Defaults.entitlements */ = {isa = PBXFileReference; lastKnownFileType = text.plist.entitlements; path = Defaults.entitlements; sourceTree = "<group>"; };
		B705B8B125F7AE720030D13F /* Defaults.swift */ = {isa = PBXFileReference; lastKnownFileType = sourcecode.swift; path = Defaults.swift; sourceTree = "<group>"; };
		B705B8B725F7E3970030D13F /* Utils.swift */ = {isa = PBXFileReference; lastKnownFileType = sourcecode.swift; path = Utils.swift; sourceTree = "<group>"; };
/* End PBXFileReference section */

/* Begin PBXFrameworksBuildPhase section */
		B705B89A25F7AE470030D13F /* Frameworks */ = {
			isa = PBXFrameworksBuildPhase;
			buildActionMask = 2147483647;
			files = (
			);
			runOnlyForDeploymentPostprocessing = 0;
		};
/* End PBXFrameworksBuildPhase section */

/* Begin PBXGroup section */
		B705B89425F7AE470030D13F = {
			isa = PBXGroup;
			children = (
				B705B89F25F7AE470030D13F /* Defaults */,
				B705B89E25F7AE470030D13F /* Products */,
			);
			sourceTree = "<group>";
		};
		B705B89E25F7AE470030D13F /* Products */ = {
			isa = PBXGroup;
			children = (
				B705B89D25F7AE470030D13F /* Defaults.app */,
			);
			name = Products;
			sourceTree = "<group>";
		};
		B705B89F25F7AE470030D13F /* Defaults */ = {
			isa = PBXGroup;
			children = (
				B705B8A025F7AE470030D13F /* DefaultsApp.swift */,
				B705B8A225F7AE470030D13F /* ContentView.swift */,
				B705B8A425F7AE480030D13F /* Assets.xcassets */,
				B705B8A925F7AE480030D13F /* Info.plist */,
				B705B8AA25F7AE480030D13F /* Defaults.entitlements */,
				B705B8A625F7AE480030D13F /* Preview Content */,
				B705B8B125F7AE720030D13F /* Defaults.swift */,
				B705B8B725F7E3970030D13F /* Utils.swift */,
			);
			path = Defaults;
			sourceTree = "<group>";
		};
		B705B8A625F7AE480030D13F /* Preview Content */ = {
			isa = PBXGroup;
			children = (
				B705B8A725F7AE480030D13F /* Preview Assets.xcassets */,
			);
			path = "Preview Content";
			sourceTree = "<group>";
		};
/* End PBXGroup section */

/* Begin PBXNativeTarget section */
		B705B89C25F7AE470030D13F /* Defaults */ = {
			isa = PBXNativeTarget;
			buildConfigurationList = B705B8AD25F7AE480030D13F /* Build configuration list for PBXNativeTarget "Defaults" */;
			buildPhases = (
				B705B89925F7AE470030D13F /* Sources */,
				B705B89A25F7AE470030D13F /* Frameworks */,
				B705B89B25F7AE470030D13F /* Resources */,
			);
			buildRules = (
			);
			dependencies = (
			);
			name = Defaults;
			productName = Defaults;
			productReference = B705B89D25F7AE470030D13F /* Defaults.app */;
			productType = "com.apple.product-type.application";
		};
/* End PBXNativeTarget section */

/* Begin PBXProject section */
		B705B89525F7AE470030D13F /* Project object */ = {
			isa = PBXProject;
			attributes = {
				LastSwiftUpdateCheck = 1230;
				LastUpgradeCheck = 1230;
				TargetAttributes = {
					B705B89C25F7AE470030D13F = {
						CreatedOnToolsVersion = 12.3;
					};
				};
			};
			buildConfigurationList = B705B89825F7AE470030D13F /* Build configuration list for PBXProject "Defaults" */;
			compatibilityVersion = "Xcode 9.3";
			developmentRegion = en;
			hasScannedForEncodings = 0;
			knownRegions = (
				en,
				Base,
			);
			mainGroup = B705B89425F7AE470030D13F;
			productRefGroup = B705B89E25F7AE470030D13F /* Products */;
			projectDirPath = "";
			projectRoot = "";
			targets = (
				B705B89C25F7AE470030D13F /* Defaults */,
			);
		};
/* End PBXProject section */

/* Begin PBXResourcesBuildPhase section */
		B705B89B25F7AE470030D13F /* Resources */ = {
			isa = PBXResourcesBuildPhase;
			buildActionMask = 2147483647;
			files = (
				B705B8A825F7AE480030D13F /* Preview Assets.xcassets in Resources */,
				B705B8A525F7AE480030D13F /* Assets.xcassets in Resources */,
			);
			runOnlyForDeploymentPostprocessing = 0;
		};
/* End PBXResourcesBuildPhase section */

/* Begin PBXSourcesBuildPhase section */
		B705B89925F7AE470030D13F /* Sources */ = {
			isa = PBXSourcesBuildPhase;
			buildActionMask = 2147483647;
			files = (
				B705B8B825F7E3970030D13F /* Utils.swift in Sources */,
				B705B8B225F7AE720030D13F /* Defaults.swift in Sources */,
				B705B8A325F7AE470030D13F /* ContentView.swift in Sources */,
				B705B8A125F7AE470030D13F /* DefaultsApp.swift in Sources */,
			);
			runOnlyForDeploymentPostprocessing = 0;
		};
/* End PBXSourcesBuildPhase section */

/* Begin XCBuildConfiguration section */
		B705B8AB25F7AE480030D13F /* Debug */ = {
			isa = XCBuildConfiguration;
			buildSettings = {
				ALWAYS_SEARCH_USER_PATHS = NO;
				CLANG_ANALYZER_NONNULL = YES;
				CLANG_ANALYZER_NUMBER_OBJECT_CONVERSION = YES_AGGRESSIVE;
				CLANG_CXX_LANGUAGE_STANDARD = "gnu++14";
				CLANG_CXX_LIBRARY = "libc++";
				CLANG_ENABLE_MODULES = YES;
				CLANG_ENABLE_OBJC_ARC = YES;
				CLANG_ENABLE_OBJC_WEAK = YES;
				CLANG_WARN_BLOCK_CAPTURE_AUTORELEASING = YES;
				CLANG_WARN_BOOL_CONVERSION = YES;
				CLANG_WARN_COMMA = YES;
				CLANG_WARN_CONSTANT_CONVERSION = YES;
				CLANG_WARN_DEPRECATED_OBJC_IMPLEMENTATIONS = YES;
				CLANG_WARN_DIRECT_OBJC_ISA_USAGE = YES_ERROR;
				CLANG_WARN_DOCUMENTATION_COMMENTS = YES;
				CLANG_WARN_EMPTY_BODY = YES;
				CLANG_WARN_ENUM_CONVERSION = YES;
				CLANG_WARN_INFINITE_RECURSION = YES;
				CLANG_WARN_INT_CONVERSION = YES;
				CLANG_WARN_NON_LITERAL_NULL_CONVERSION = YES;
				CLANG_WARN_OBJC_IMPLICIT_RETAIN_SELF = YES;
				CLANG_WARN_OBJC_LITERAL_CONVERSION = YES;
				CLANG_WARN_OBJC_ROOT_CLASS = YES_ERROR;
				CLANG_WARN_QUOTED_INCLUDE_IN_FRAMEWORK_HEADER = YES;
				CLANG_WARN_RANGE_LOOP_ANALYSIS = YES;
				CLANG_WARN_STRICT_PROTOTYPES = YES;
				CLANG_WARN_SUSPICIOUS_MOVE = YES;
				CLANG_WARN_UNGUARDED_AVAILABILITY = YES_AGGRESSIVE;
				CLANG_WARN_UNREACHABLE_CODE = YES;
				CLANG_WARN__DUPLICATE_METHOD_MATCH = YES;
				COPY_PHASE_STRIP = NO;
				DEBUG_INFORMATION_FORMAT = dwarf;
				ENABLE_STRICT_OBJC_MSGSEND = YES;
				ENABLE_TESTABILITY = YES;
				GCC_C_LANGUAGE_STANDARD = gnu11;
				GCC_DYNAMIC_NO_PIC = NO;
				GCC_NO_COMMON_BLOCKS = YES;
				GCC_OPTIMIZATION_LEVEL = 0;
				GCC_PREPROCESSOR_DEFINITIONS = (
					"DEBUG=1",
					"$(inherited)",
				);
				GCC_WARN_64_TO_32_BIT_CONVERSION = YES;
				GCC_WARN_ABOUT_RETURN_TYPE = YES_ERROR;
				GCC_WARN_UNDECLARED_SELECTOR = YES;
				GCC_WARN_UNINITIALIZED_AUTOS = YES_AGGRESSIVE;
				GCC_WARN_UNUSED_FUNCTION = YES;
				GCC_WARN_UNUSED_VARIABLE = YES;
				MACOSX_DEPLOYMENT_TARGET = 11.1;
				MTL_ENABLE_DEBUG_INFO = INCLUDE_SOURCE;
				MTL_FAST_MATH = YES;
				ONLY_ACTIVE_ARCH = YES;
				SDKROOT = macosx;
				SWIFT_ACTIVE_COMPILATION_CONDITIONS = DEBUG;
				SWIFT_OPTIMIZATION_LEVEL = "-Onone";
			};
			name = Debug;
		};
		B705B8AC25F7AE480030D13F /* Release */ = {
			isa = XCBuildConfiguration;
			buildSettings = {
				ALWAYS_SEARCH_USER_PATHS = NO;
				CLANG_ANALYZER_NONNULL = YES;
				CLANG_ANALYZER_NUMBER_OBJECT_CONVERSION = YES_AGGRESSIVE;
				CLANG_CXX_LANGUAGE_STANDARD = "gnu++14";
				CLANG_CXX_LIBRARY = "libc++";
				CLANG_ENABLE_MODULES = YES;
				CLANG_ENABLE_OBJC_ARC = YES;
				CLANG_ENABLE_OBJC_WEAK = YES;
				CLANG_WARN_BLOCK_CAPTURE_AUTORELEASING = YES;
				CLANG_WARN_BOOL_CONVERSION = YES;
				CLANG_WARN_COMMA = YES;
				CLANG_WARN_CONSTANT_CONVERSION = YES;
				CLANG_WARN_DEPRECATED_OBJC_IMPLEMENTATIONS = YES;
				CLANG_WARN_DIRECT_OBJC_ISA_USAGE = YES_ERROR;
				CLANG_WARN_DOCUMENTATION_COMMENTS = YES;
				CLANG_WARN_EMPTY_BODY = YES;
				CLANG_WARN_ENUM_CONVERSION = YES;
				CLANG_WARN_INFINITE_RECURSION = YES;
				CLANG_WARN_INT_CONVERSION = YES;
				CLANG_WARN_NON_LITERAL_NULL_CONVERSION = YES;
				CLANG_WARN_OBJC_IMPLICIT_RETAIN_SELF = YES;
				CLANG_WARN_OBJC_LITERAL_CONVERSION = YES;
				CLANG_WARN_OBJC_ROOT_CLASS = YES_ERROR;
				CLANG_WARN_QUOTED_INCLUDE_IN_FRAMEWORK_HEADER = YES;
				CLANG_WARN_RANGE_LOOP_ANALYSIS = YES;
				CLANG_WARN_STRICT_PROTOTYPES = YES;
				CLANG_WARN_SUSPICIOUS_MOVE = YES;
				CLANG_WARN_UNGUARDED_AVAILABILITY = YES_AGGRESSIVE;
				CLANG_WARN_UNREACHABLE_CODE = YES;
				CLANG_WARN__DUPLICATE_METHOD_MATCH = YES;
				COPY_PHASE_STRIP = NO;
				DEBUG_INFORMATION_FORMAT = "dwarf-with-dsym";
				ENABLE_NS_ASSERTIONS = NO;
				ENABLE_STRICT_OBJC_MSGSEND = YES;
				GCC_C_LANGUAGE_STANDARD = gnu11;
				GCC_NO_COMMON_BLOCKS = YES;
				GCC_WARN_64_TO_32_BIT_CONVERSION = YES;
				GCC_WARN_ABOUT_RETURN_TYPE = YES_ERROR;
				GCC_WARN_UNDECLARED_SELECTOR = YES;
				GCC_WARN_UNINITIALIZED_AUTOS = YES_AGGRESSIVE;
				GCC_WARN_UNUSED_FUNCTION = YES;
				GCC_WARN_UNUSED_VARIABLE = YES;
				MACOSX_DEPLOYMENT_TARGET = 11.1;
				MTL_ENABLE_DEBUG_INFO = NO;
				MTL_FAST_MATH = YES;
				SDKROOT = macosx;
				SWIFT_COMPILATION_MODE = wholemodule;
				SWIFT_OPTIMIZATION_LEVEL = "-O";
			};
			name = Release;
		};
		B705B8AE25F7AE480030D13F /* Debug */ = {
			isa = XCBuildConfiguration;
			buildSettings = {
				ASSETCATALOG_COMPILER_APPICON_NAME = AppIcon;
				ASSETCATALOG_COMPILER_GLOBAL_ACCENT_COLOR_NAME = AccentColor;
				CODE_SIGN_ENTITLEMENTS = Defaults/Defaults.entitlements;
				CODE_SIGN_STYLE = Automatic;
				COMBINE_HIDPI_IMAGES = YES;
				DEVELOPMENT_ASSET_PATHS = "\"Defaults/Preview Content\"";
				DEVELOPMENT_TEAM = TR3K2EP48P;
				ENABLE_HARDENED_RUNTIME = YES;
				ENABLE_PREVIEWS = YES;
				INFOPLIST_FILE = Defaults/Info.plist;
				LD_RUNPATH_SEARCH_PATHS = (
					"$(inherited)",
					"@executable_path/../Frameworks",
				);
				MACOSX_DEPLOYMENT_TARGET = 11.0;
				PRODUCT_BUNDLE_IDENTIFIER = com.luby.Defaults;
				PRODUCT_NAME = "$(TARGET_NAME)";
				SWIFT_VERSION = 5.0;
			};
			name = Debug;
		};
		B705B8AF25F7AE480030D13F /* Release */ = {
			isa = XCBuildConfiguration;
			buildSettings = {
				ASSETCATALOG_COMPILER_APPICON_NAME = AppIcon;
				ASSETCATALOG_COMPILER_GLOBAL_ACCENT_COLOR_NAME = AccentColor;
				CODE_SIGN_ENTITLEMENTS = Defaults/Defaults.entitlements;
				CODE_SIGN_STYLE = Automatic;
				COMBINE_HIDPI_IMAGES = YES;
				DEVELOPMENT_ASSET_PATHS = "\"Defaults/Preview Content\"";
				DEVELOPMENT_TEAM = TR3K2EP48P;
				ENABLE_HARDENED_RUNTIME = YES;
				ENABLE_PREVIEWS = YES;
				INFOPLIST_FILE = Defaults/Info.plist;
				LD_RUNPATH_SEARCH_PATHS = (
					"$(inherited)",
					"@executable_path/../Frameworks",
				);
				MACOSX_DEPLOYMENT_TARGET = 11.0;
				PRODUCT_BUNDLE_IDENTIFIER = com.luby.Defaults;
				PRODUCT_NAME = "$(TARGET_NAME)";
				SWIFT_VERSION = 5.0;
			};
			name = Release;
		};
/* End XCBuildConfiguration section */

/* Begin XCConfigurationList section */
		B705B89825F7AE470030D13F /* Build configuration list for PBXProject "Defaults" */ = {
			isa = XCConfigurationList;
			buildConfigurations = (
				B705B8AB25F7AE480030D13F /* Debug */,
				B705B8AC25F7AE480030D13F /* Release */,
			);
			defaultConfigurationIsVisible = 0;
			defaultConfigurationName = Release;
		};
		B705B8AD25F7AE480030D13F /* Build configuration list for PBXNativeTarget "Defaults" */ = {
			isa = XCConfigurationList;
			buildConfigurations = (
				B705B8AE25F7AE480030D13F /* Debug */,
				B705B8AF25F7AE480030D13F /* Release */,
			);
			defaultConfigurationIsVisible = 0;
			defaultConfigurationName = Release;
		};
/* End XCConfigurationList section */
	};
	rootObject = B705B89525F7AE470030D13F /* Project object */;
}
